// !$*UTF8*$!
{
	archiveVersion = 1;
	classes = {
	};
	objectVersion = 52;
	objects = {

/* Begin PBXBuildFile section */
		493C129824C684F1006EDC83 /* Hotel.swift in Sources */ = {isa = PBXBuildFile; fileRef = 493C129724C684F1006EDC83 /* Hotel.swift */; };
		4959CC4524C8C254009AC2B8 /* ImagemGaleriaCell.swift in Sources */ = {isa = PBXBuildFile; fileRef = 4959CC4424C8C254009AC2B8 /* ImagemGaleriaCell.swift */; };
		4959CC4824C8C3A6009AC2B8 /* AlamofireImage in Frameworks */ = {isa = PBXBuildFile; productRef = 4959CC4724C8C3A6009AC2B8 /* AlamofireImage */; };
		49610D3324CA1D8B00D242C6 /* Amenidade.swift in Sources */ = {isa = PBXBuildFile; fileRef = 49610D3224CA1D8B00D242C6 /* Amenidade.swift */; };
		496E846B24C8C035003599C1 /* ViewController+UICollectionView.swift in Sources */ = {isa = PBXBuildFile; fileRef = 496E846A24C8C035003599C1 /* ViewController+UICollectionView.swift */; };
		4983BA8524C7C23E004AA32C /* ImagemGaleria.swift in Sources */ = {isa = PBXBuildFile; fileRef = 4983BA8424C7C23E004AA32C /* ImagemGaleria.swift */; };
		49883A9D24C7B59F00C5A584 /* HotelDetalhesViewController.swift in Sources */ = {isa = PBXBuildFile; fileRef = 49883A9C24C7B59F00C5A584 /* HotelDetalhesViewController.swift */; };
		499883FE24BD18830087F4C5 /* APIAccess.swift in Sources */ = {isa = PBXBuildFile; fileRef = 499883FD24BD18830087F4C5 /* APIAccess.swift */; };
		49B0A95F24B9229B00884E95 /* AppDelegate.swift in Sources */ = {isa = PBXBuildFile; fileRef = 49B0A95E24B9229B00884E95 /* AppDelegate.swift */; };
		49B0A96124B9229B00884E95 /* SceneDelegate.swift in Sources */ = {isa = PBXBuildFile; fileRef = 49B0A96024B9229B00884E95 /* SceneDelegate.swift */; };
		49B0A96324B9229B00884E95 /* ViewController.swift in Sources */ = {isa = PBXBuildFile; fileRef = 49B0A96224B9229B00884E95 /* ViewController.swift */; };
		49B0A96624B9229B00884E95 /* Main.storyboard in Resources */ = {isa = PBXBuildFile; fileRef = 49B0A96424B9229B00884E95 /* Main.storyboard */; };
		49B0A96824B922A200884E95 /* Assets.xcassets in Resources */ = {isa = PBXBuildFile; fileRef = 49B0A96724B922A200884E95 /* Assets.xcassets */; };
		49B0A96B24B922A200884E95 /* LaunchScreen.storyboard in Resources */ = {isa = PBXBuildFile; fileRef = 49B0A96924B922A200884E95 /* LaunchScreen.storyboard */; };
		49B0A97724B9237600884E95 /* pull-request.txt in Resources */ = {isa = PBXBuildFile; fileRef = 49B0A97624B9237600884E95 /* pull-request.txt */; };
		49B0A97924B9240700884E95 /* ResultItem.swift in Sources */ = {isa = PBXBuildFile; fileRef = 49B0A97824B9240700884E95 /* ResultItem.swift */; };
		49B0A97F24B9281F00884E95 /* Response.swift in Sources */ = {isa = PBXBuildFile; fileRef = 49B0A97E24B9281F00884E95 /* Response.swift */; };
		49B0A98124B9283F00884E95 /* Filters.swift in Sources */ = {isa = PBXBuildFile; fileRef = 49B0A98024B9283F00884E95 /* Filters.swift */; };
		49B0A98324B9290400884E95 /* FilterItem.swift in Sources */ = {isa = PBXBuildFile; fileRef = 49B0A98224B9290400884E95 /* FilterItem.swift */; };
		49B0A98524B9292700884E95 /* PriceInterval.swift in Sources */ = {isa = PBXBuildFile; fileRef = 49B0A98424B9292700884E95 /* PriceInterval.swift */; };
		49B0A98724B9294600884E95 /* PriceElement.swift in Sources */ = {isa = PBXBuildFile; fileRef = 49B0A98624B9294600884E95 /* PriceElement.swift */; };
		49B0A98924B9295500884E95 /* Meta.swift in Sources */ = {isa = PBXBuildFile; fileRef = 49B0A98824B9295500884E95 /* Meta.swift */; };
		49B0A98C24B9298C00884E95 /* Pagination.swift in Sources */ = {isa = PBXBuildFile; fileRef = 49B0A98B24B9298C00884E95 /* Pagination.swift */; };
		49B0A98E24B929B100884E95 /* Address.swift in Sources */ = {isa = PBXBuildFile; fileRef = 49B0A98D24B929B100884E95 /* Address.swift */; };
		49B0A99424B92A4300884E95 /* ResultPrice.swift in Sources */ = {isa = PBXBuildFile; fileRef = 49B0A99324B92A4300884E95 /* ResultPrice.swift */; };
		49B0A99624B92AD400884E95 /* JSONAny.swift in Sources */ = {isa = PBXBuildFile; fileRef = 49B0A99524B92AD400884E95 /* JSONAny.swift */; };
		49B0A99824B92AEA00884E95 /* Gallery.swift in Sources */ = {isa = PBXBuildFile; fileRef = 49B0A99724B92AEA00884E95 /* Gallery.swift */; };
		49B0A99A24B92B1500884E95 /* Tax.swift in Sources */ = {isa = PBXBuildFile; fileRef = 49B0A99924B92B1500884E95 /* Tax.swift */; };
		49B0A99C24B92B2700884E95 /* JSONNull.swift in Sources */ = {isa = PBXBuildFile; fileRef = 49B0A99B24B92B2700884E95 /* JSONNull.swift */; };
		49B0A99E24B92B3500884E95 /* JSONCodingKey.swift in Sources */ = {isa = PBXBuildFile; fileRef = 49B0A99D24B92B3500884E95 /* JSONCodingKey.swift */; };
		49B0A9A424B92B8300884E95 /* GeoLocation.swift in Sources */ = {isa = PBXBuildFile; fileRef = 49B0A9A324B92B8300884E95 /* GeoLocation.swift */; };
		49B0A9A624B92B9A00884E95 /* FeaturedItem.swift in Sources */ = {isa = PBXBuildFile; fileRef = 49B0A9A524B92B9A00884E95 /* FeaturedItem.swift */; };
		49B0A9AA24B92BDD00884E95 /* ResultAmenity.swift in Sources */ = {isa = PBXBuildFile; fileRef = 49B0A9A924B92BDD00884E95 /* ResultAmenity.swift */; };
		49B0A9AC24B92BF000884E95 /* QuantityDescriptors.swift in Sources */ = {isa = PBXBuildFile; fileRef = 49B0A9AB24B92BF000884E95 /* QuantityDescriptors.swift */; };
		49B0A9BB24B9329700884E95 /* Alamofire in Frameworks */ = {isa = PBXBuildFile; productRef = 49B0A9BA24B9329700884E95 /* Alamofire */; };
		49CFC78D24C0E9DB00908D48 /* HotelCell.swift in Sources */ = {isa = PBXBuildFile; fileRef = 49CFC78C24C0E9DB00908D48 /* HotelCell.swift */; };
		49F28B4B24C4949200FEC39A /* SkeletonView in Frameworks */ = {isa = PBXBuildFile; productRef = 49F28B4A24C4949200FEC39A /* SkeletonView */; };
/* End PBXBuildFile section */

/* Begin PBXFileReference section */
		493C129724C684F1006EDC83 /* Hotel.swift */ = {isa = PBXFileReference; lastKnownFileType = sourcecode.swift; path = Hotel.swift; sourceTree = "<group>"; };
		4959CC4424C8C254009AC2B8 /* ImagemGaleriaCell.swift */ = {isa = PBXFileReference; lastKnownFileType = sourcecode.swift; path = ImagemGaleriaCell.swift; sourceTree = "<group>"; };
		49610D3224CA1D8B00D242C6 /* Amenidade.swift */ = {isa = PBXFileReference; lastKnownFileType = sourcecode.swift; path = Amenidade.swift; sourceTree = "<group>"; };
		496E846A24C8C035003599C1 /* ViewController+UICollectionView.swift */ = {isa = PBXFileReference; lastKnownFileType = sourcecode.swift; path = "ViewController+UICollectionView.swift"; sourceTree = "<group>"; };
		4983BA8424C7C23E004AA32C /* ImagemGaleria.swift */ = {isa = PBXFileReference; lastKnownFileType = sourcecode.swift; path = ImagemGaleria.swift; sourceTree = "<group>"; };
		49883A9C24C7B59F00C5A584 /* HotelDetalhesViewController.swift */ = {isa = PBXFileReference; lastKnownFileType = sourcecode.swift; path = HotelDetalhesViewController.swift; sourceTree = "<group>"; };
		499883FD24BD18830087F4C5 /* APIAccess.swift */ = {isa = PBXFileReference; fileEncoding = 4; lastKnownFileType = sourcecode.swift; path = APIAccess.swift; sourceTree = "<group>"; };
		49B0A95B24B9229B00884E95 /* DesafioHurb.app */ = {isa = PBXFileReference; explicitFileType = wrapper.application; includeInIndex = 0; path = DesafioHurb.app; sourceTree = BUILT_PRODUCTS_DIR; };
		49B0A95E24B9229B00884E95 /* AppDelegate.swift */ = {isa = PBXFileReference; lastKnownFileType = sourcecode.swift; path = AppDelegate.swift; sourceTree = "<group>"; };
		49B0A96024B9229B00884E95 /* SceneDelegate.swift */ = {isa = PBXFileReference; lastKnownFileType = sourcecode.swift; path = SceneDelegate.swift; sourceTree = "<group>"; };
		49B0A96224B9229B00884E95 /* ViewController.swift */ = {isa = PBXFileReference; lastKnownFileType = sourcecode.swift; path = ViewController.swift; sourceTree = "<group>"; };
		49B0A96524B9229B00884E95 /* Base */ = {isa = PBXFileReference; lastKnownFileType = file.storyboard; name = Base; path = Base.lproj/Main.storyboard; sourceTree = "<group>"; };
		49B0A96724B922A200884E95 /* Assets.xcassets */ = {isa = PBXFileReference; lastKnownFileType = folder.assetcatalog; path = Assets.xcassets; sourceTree = "<group>"; };
		49B0A96A24B922A200884E95 /* Base */ = {isa = PBXFileReference; lastKnownFileType = file.storyboard; name = Base; path = Base.lproj/LaunchScreen.storyboard; sourceTree = "<group>"; };
		49B0A96C24B922A200884E95 /* Info.plist */ = {isa = PBXFileReference; lastKnownFileType = text.plist.xml; path = Info.plist; sourceTree = "<group>"; };
		49B0A97624B9237600884E95 /* pull-request.txt */ = {isa = PBXFileReference; lastKnownFileType = text; path = "pull-request.txt"; sourceTree = "<group>"; };
		49B0A97824B9240700884E95 /* ResultItem.swift */ = {isa = PBXFileReference; lastKnownFileType = sourcecode.swift; path = ResultItem.swift; sourceTree = "<group>"; };
		49B0A97E24B9281F00884E95 /* Response.swift */ = {isa = PBXFileReference; lastKnownFileType = sourcecode.swift; path = Response.swift; sourceTree = "<group>"; };
		49B0A98024B9283F00884E95 /* Filters.swift */ = {isa = PBXFileReference; lastKnownFileType = sourcecode.swift; path = Filters.swift; sourceTree = "<group>"; };
		49B0A98224B9290400884E95 /* FilterItem.swift */ = {isa = PBXFileReference; lastKnownFileType = sourcecode.swift; path = FilterItem.swift; sourceTree = "<group>"; };
		49B0A98424B9292700884E95 /* PriceInterval.swift */ = {isa = PBXFileReference; lastKnownFileType = sourcecode.swift; path = PriceInterval.swift; sourceTree = "<group>"; };
		49B0A98624B9294600884E95 /* PriceElement.swift */ = {isa = PBXFileReference; lastKnownFileType = sourcecode.swift; path = PriceElement.swift; sourceTree = "<group>"; };
		49B0A98824B9295500884E95 /* Meta.swift */ = {isa = PBXFileReference; lastKnownFileType = sourcecode.swift; path = Meta.swift; sourceTree = "<group>"; };
		49B0A98B24B9298C00884E95 /* Pagination.swift */ = {isa = PBXFileReference; lastKnownFileType = sourcecode.swift; path = Pagination.swift; sourceTree = "<group>"; };
		49B0A98D24B929B100884E95 /* Address.swift */ = {isa = PBXFileReference; lastKnownFileType = sourcecode.swift; path = Address.swift; sourceTree = "<group>"; };
		49B0A99324B92A4300884E95 /* ResultPrice.swift */ = {isa = PBXFileReference; lastKnownFileType = sourcecode.swift; path = ResultPrice.swift; sourceTree = "<group>"; };
		49B0A99524B92AD400884E95 /* JSONAny.swift */ = {isa = PBXFileReference; lastKnownFileType = sourcecode.swift; path = JSONAny.swift; sourceTree = "<group>"; };
		49B0A99724B92AEA00884E95 /* Gallery.swift */ = {isa = PBXFileReference; lastKnownFileType = sourcecode.swift; path = Gallery.swift; sourceTree = "<group>"; };
		49B0A99924B92B1500884E95 /* Tax.swift */ = {isa = PBXFileReference; lastKnownFileType = sourcecode.swift; path = Tax.swift; sourceTree = "<group>"; };
		49B0A99B24B92B2700884E95 /* JSONNull.swift */ = {isa = PBXFileReference; lastKnownFileType = sourcecode.swift; path = JSONNull.swift; sourceTree = "<group>"; };
		49B0A99D24B92B3500884E95 /* JSONCodingKey.swift */ = {isa = PBXFileReference; lastKnownFileType = sourcecode.swift; path = JSONCodingKey.swift; sourceTree = "<group>"; };
		49B0A9A324B92B8300884E95 /* GeoLocation.swift */ = {isa = PBXFileReference; lastKnownFileType = sourcecode.swift; path = GeoLocation.swift; sourceTree = "<group>"; };
		49B0A9A524B92B9A00884E95 /* FeaturedItem.swift */ = {isa = PBXFileReference; lastKnownFileType = sourcecode.swift; path = FeaturedItem.swift; sourceTree = "<group>"; };
		49B0A9A924B92BDD00884E95 /* ResultAmenity.swift */ = {isa = PBXFileReference; lastKnownFileType = sourcecode.swift; path = ResultAmenity.swift; sourceTree = "<group>"; };
		49B0A9AB24B92BF000884E95 /* QuantityDescriptors.swift */ = {isa = PBXFileReference; lastKnownFileType = sourcecode.swift; path = QuantityDescriptors.swift; sourceTree = "<group>"; };
		49CFC78C24C0E9DB00908D48 /* HotelCell.swift */ = {isa = PBXFileReference; lastKnownFileType = sourcecode.swift; path = HotelCell.swift; sourceTree = "<group>"; };
/* End PBXFileReference section */

/* Begin PBXFrameworksBuildPhase section */
		49B0A95824B9229B00884E95 /* Frameworks */ = {
			isa = PBXFrameworksBuildPhase;
			buildActionMask = 2147483647;
			files = (
				49F28B4B24C4949200FEC39A /* SkeletonView in Frameworks */,
				49B0A9BB24B9329700884E95 /* Alamofire in Frameworks */,
				4959CC4824C8C3A6009AC2B8 /* AlamofireImage in Frameworks */,
			);
			runOnlyForDeploymentPostprocessing = 0;
		};
/* End PBXFrameworksBuildPhase section */

/* Begin PBXGroup section */
		493C129624C684B2006EDC83 /* DataLayer */ = {
			isa = PBXGroup;
			children = (
				49BAE40024C0E05500496150 /* Network */,
				49B0A97824B9240700884E95 /* ResultItem.swift */,
				49B0A97E24B9281F00884E95 /* Response.swift */,
				49B0A98024B9283F00884E95 /* Filters.swift */,
				49B0A98224B9290400884E95 /* FilterItem.swift */,
				49B0A98424B9292700884E95 /* PriceInterval.swift */,
				49B0A98624B9294600884E95 /* PriceElement.swift */,
				49B0A98824B9295500884E95 /* Meta.swift */,
				49B0A98B24B9298C00884E95 /* Pagination.swift */,
				49B0A98D24B929B100884E95 /* Address.swift */,
				49B0A99324B92A4300884E95 /* ResultPrice.swift */,
				49B0A99524B92AD400884E95 /* JSONAny.swift */,
				49B0A99724B92AEA00884E95 /* Gallery.swift */,
				49B0A99924B92B1500884E95 /* Tax.swift */,
				49B0A99B24B92B2700884E95 /* JSONNull.swift */,
				49B0A99D24B92B3500884E95 /* JSONCodingKey.swift */,
				49B0A9A324B92B8300884E95 /* GeoLocation.swift */,
				49B0A9A524B92B9A00884E95 /* FeaturedItem.swift */,
				49B0A9A924B92BDD00884E95 /* ResultAmenity.swift */,
				49B0A9AB24B92BF000884E95 /* QuantityDescriptors.swift */,
			);
			path = DataLayer;
			sourceTree = "<group>";
		};
		49B0A95224B9229A00884E95 = {
			isa = PBXGroup;
			children = (
				49B0A97624B9237600884E95 /* pull-request.txt */,
				49B0A95D24B9229B00884E95 /* DesafioHurb */,
				49B0A95C24B9229B00884E95 /* Products */,
			);
			sourceTree = "<group>";
		};
		49B0A95C24B9229B00884E95 /* Products */ = {
			isa = PBXGroup;
			children = (
				49B0A95B24B9229B00884E95 /* DesafioHurb.app */,
			);
			name = Products;
			sourceTree = "<group>";
		};
		49B0A95D24B9229B00884E95 /* DesafioHurb */ = {
			isa = PBXGroup;
			children = (
				493C129624C684B2006EDC83 /* DataLayer */,
				49B0A97424B9233000884E95 /* Controller */,
				49B0A97324B9232400884E95 /* View */,
				49B0A97224B9231700884E95 /* Model */,
				49B0A95E24B9229B00884E95 /* AppDelegate.swift */,
				49B0A96024B9229B00884E95 /* SceneDelegate.swift */,
				49B0A96424B9229B00884E95 /* Main.storyboard */,
				49B0A96724B922A200884E95 /* Assets.xcassets */,
				49B0A96924B922A200884E95 /* LaunchScreen.storyboard */,
				49B0A96C24B922A200884E95 /* Info.plist */,
			);
			path = DesafioHurb;
			sourceTree = "<group>";
		};
		49B0A97224B9231700884E95 /* Model */ = {
			isa = PBXGroup;
			children = (
				493C129724C684F1006EDC83 /* Hotel.swift */,
				4983BA8424C7C23E004AA32C /* ImagemGaleria.swift */,
				49610D3224CA1D8B00D242C6 /* Amenidade.swift */,
			);
			path = Model;
			sourceTree = "<group>";
		};
		49B0A97324B9232400884E95 /* View */ = {
			isa = PBXGroup;
			children = (
				49CFC78C24C0E9DB00908D48 /* HotelCell.swift */,
				4959CC4424C8C254009AC2B8 /* ImagemGaleriaCell.swift */,
			);
			path = View;
			sourceTree = "<group>";
		};
		49B0A97424B9233000884E95 /* Controller */ = {
			isa = PBXGroup;
			children = (
				49B0A96224B9229B00884E95 /* ViewController.swift */,
				49883A9C24C7B59F00C5A584 /* HotelDetalhesViewController.swift */,
				496E846A24C8C035003599C1 /* ViewController+UICollectionView.swift */,
			);
			path = Controller;
			sourceTree = "<group>";
		};
		49BAE40024C0E05500496150 /* Network */ = {
			isa = PBXGroup;
			children = (
				499883FD24BD18830087F4C5 /* APIAccess.swift */,
			);
			path = Network;
			sourceTree = "<group>";
		};
/* End PBXGroup section */

/* Begin PBXNativeTarget section */
		49B0A95A24B9229B00884E95 /* DesafioHurb */ = {
			isa = PBXNativeTarget;
			buildConfigurationList = 49B0A96F24B922A200884E95 /* Build configuration list for PBXNativeTarget "DesafioHurb" */;
			buildPhases = (
				49B0A95724B9229B00884E95 /* Sources */,
				49B0A95824B9229B00884E95 /* Frameworks */,
				49B0A95924B9229B00884E95 /* Resources */,
			);
			buildRules = (
			);
			dependencies = (
			);
			name = DesafioHurb;
			packageProductDependencies = (
				49B0A9BA24B9329700884E95 /* Alamofire */,
				49F28B4A24C4949200FEC39A /* SkeletonView */,
				4959CC4724C8C3A6009AC2B8 /* AlamofireImage */,
			);
			productName = DesafioHurb;
			productReference = 49B0A95B24B9229B00884E95 /* DesafioHurb.app */;
			productType = "com.apple.product-type.application";
		};
/* End PBXNativeTarget section */

/* Begin PBXProject section */
		49B0A95324B9229A00884E95 /* Project object */ = {
			isa = PBXProject;
			attributes = {
				LastSwiftUpdateCheck = 1150;
				LastUpgradeCheck = 1150;
				ORGANIZATIONNAME = "Gabriel Coutinho";
				TargetAttributes = {
					49B0A95A24B9229B00884E95 = {
						CreatedOnToolsVersion = 11.5;
					};
				};
			};
			buildConfigurationList = 49B0A95624B9229A00884E95 /* Build configuration list for PBXProject "DesafioHurb" */;
			compatibilityVersion = "Xcode 9.3";
			developmentRegion = en;
			hasScannedForEncodings = 0;
			knownRegions = (
				en,
				Base,
			);
			mainGroup = 49B0A95224B9229A00884E95;
			packageReferences = (
				49B0A9B924B9329700884E95 /* XCRemoteSwiftPackageReference "Alamofire" */,
				49F28B4924C4949200FEC39A /* XCRemoteSwiftPackageReference "SkeletonView" */,
				4959CC4624C8C3A6009AC2B8 /* XCRemoteSwiftPackageReference "AlamofireImage" */,
			);
			productRefGroup = 49B0A95C24B9229B00884E95 /* Products */;
			projectDirPath = "";
			projectRoot = "";
			targets = (
				49B0A95A24B9229B00884E95 /* DesafioHurb */,
			);
		};
/* End PBXProject section */

/* Begin PBXResourcesBuildPhase section */
		49B0A95924B9229B00884E95 /* Resources */ = {
			isa = PBXResourcesBuildPhase;
			buildActionMask = 2147483647;
			files = (
				49B0A96B24B922A200884E95 /* LaunchScreen.storyboard in Resources */,
				49B0A97724B9237600884E95 /* pull-request.txt in Resources */,
				49B0A96824B922A200884E95 /* Assets.xcassets in Resources */,
				49B0A96624B9229B00884E95 /* Main.storyboard in Resources */,
			);
			runOnlyForDeploymentPostprocessing = 0;
		};
/* End PBXResourcesBuildPhase section */

/* Begin PBXSourcesBuildPhase section */
		49B0A95724B9229B00884E95 /* Sources */ = {
			isa = PBXSourcesBuildPhase;
			buildActionMask = 2147483647;
			files = (
				49CFC78D24C0E9DB00908D48 /* HotelCell.swift in Sources */,
				49B0A9A424B92B8300884E95 /* GeoLocation.swift in Sources */,
				49B0A98324B9290400884E95 /* FilterItem.swift in Sources */,
				499883FE24BD18830087F4C5 /* APIAccess.swift in Sources */,
				49B0A99E24B92B3500884E95 /* JSONCodingKey.swift in Sources */,
				496E846B24C8C035003599C1 /* ViewController+UICollectionView.swift in Sources */,
				49B0A98124B9283F00884E95 /* Filters.swift in Sources */,
				49B0A99C24B92B2700884E95 /* JSONNull.swift in Sources */,
				49B0A98E24B929B100884E95 /* Address.swift in Sources */,
				49B0A98724B9294600884E95 /* PriceElement.swift in Sources */,
				49B0A9AA24B92BDD00884E95 /* ResultAmenity.swift in Sources */,
				49B0A96324B9229B00884E95 /* ViewController.swift in Sources */,
				49B0A99624B92AD400884E95 /* JSONAny.swift in Sources */,
				493C129824C684F1006EDC83 /* Hotel.swift in Sources */,
				49B0A98924B9295500884E95 /* Meta.swift in Sources */,
				49B0A95F24B9229B00884E95 /* AppDelegate.swift in Sources */,
				49610D3324CA1D8B00D242C6 /* Amenidade.swift in Sources */,
				49B0A99824B92AEA00884E95 /* Gallery.swift in Sources */,
				49883A9D24C7B59F00C5A584 /* HotelDetalhesViewController.swift in Sources */,
				49B0A9AC24B92BF000884E95 /* QuantityDescriptors.swift in Sources */,
				4959CC4524C8C254009AC2B8 /* ImagemGaleriaCell.swift in Sources */,
				4983BA8524C7C23E004AA32C /* ImagemGaleria.swift in Sources */,
				49B0A99A24B92B1500884E95 /* Tax.swift in Sources */,
				49B0A97924B9240700884E95 /* ResultItem.swift in Sources */,
				49B0A96124B9229B00884E95 /* SceneDelegate.swift in Sources */,
				49B0A9A624B92B9A00884E95 /* FeaturedItem.swift in Sources */,
				49B0A97F24B9281F00884E95 /* Response.swift in Sources */,
				49B0A98C24B9298C00884E95 /* Pagination.swift in Sources */,
				49B0A99424B92A4300884E95 /* ResultPrice.swift in Sources */,
				49B0A98524B9292700884E95 /* PriceInterval.swift in Sources */,
			);
			runOnlyForDeploymentPostprocessing = 0;
		};
/* End PBXSourcesBuildPhase section */

/* Begin PBXVariantGroup section */
		49B0A96424B9229B00884E95 /* Main.storyboard */ = {
			isa = PBXVariantGroup;
			children = (
				49B0A96524B9229B00884E95 /* Base */,
			);
			name = Main.storyboard;
			sourceTree = "<group>";
		};
		49B0A96924B922A200884E95 /* LaunchScreen.storyboard */ = {
			isa = PBXVariantGroup;
			children = (
				49B0A96A24B922A200884E95 /* Base */,
			);
			name = LaunchScreen.storyboard;
			sourceTree = "<group>";
		};
/* End PBXVariantGroup section */

/* Begin XCBuildConfiguration section */
		49B0A96D24B922A200884E95 /* Debug */ = {
			isa = XCBuildConfiguration;
			buildSettings = {
				ALWAYS_SEARCH_USER_PATHS = NO;
				CLANG_ANALYZER_NONNULL = YES;
				CLANG_ANALYZER_NUMBER_OBJECT_CONVERSION = YES_AGGRESSIVE;
				CLANG_CXX_LANGUAGE_STANDARD = "gnu++14";
				CLANG_CXX_LIBRARY = "libc++";
				CLANG_ENABLE_MODULES = YES;
				CLANG_ENABLE_OBJC_ARC = YES;
				CLANG_ENABLE_OBJC_WEAK = YES;
				CLANG_WARN_BLOCK_CAPTURE_AUTORELEASING = YES;
				CLANG_WARN_BOOL_CONVERSION = YES;
				CLANG_WARN_COMMA = YES;
				CLANG_WARN_CONSTANT_CONVERSION = YES;
				CLANG_WARN_DEPRECATED_OBJC_IMPLEMENTATIONS = YES;
				CLANG_WARN_DIRECT_OBJC_ISA_USAGE = YES_ERROR;
				CLANG_WARN_DOCUMENTATION_COMMENTS = YES;
				CLANG_WARN_EMPTY_BODY = YES;
				CLANG_WARN_ENUM_CONVERSION = YES;
				CLANG_WARN_INFINITE_RECURSION = YES;
				CLANG_WARN_INT_CONVERSION = YES;
				CLANG_WARN_NON_LITERAL_NULL_CONVERSION = YES;
				CLANG_WARN_OBJC_IMPLICIT_RETAIN_SELF = YES;
				CLANG_WARN_OBJC_LITERAL_CONVERSION = YES;
				CLANG_WARN_OBJC_ROOT_CLASS = YES_ERROR;
				CLANG_WARN_RANGE_LOOP_ANALYSIS = YES;
				CLANG_WARN_STRICT_PROTOTYPES = YES;
				CLANG_WARN_SUSPICIOUS_MOVE = YES;
				CLANG_WARN_UNGUARDED_AVAILABILITY = YES_AGGRESSIVE;
				CLANG_WARN_UNREACHABLE_CODE = YES;
				CLANG_WARN__DUPLICATE_METHOD_MATCH = YES;
				COPY_PHASE_STRIP = NO;
				DEBUG_INFORMATION_FORMAT = dwarf;
				ENABLE_STRICT_OBJC_MSGSEND = YES;
				ENABLE_TESTABILITY = YES;
				GCC_C_LANGUAGE_STANDARD = gnu11;
				GCC_DYNAMIC_NO_PIC = NO;
				GCC_NO_COMMON_BLOCKS = YES;
				GCC_OPTIMIZATION_LEVEL = 0;
				GCC_PREPROCESSOR_DEFINITIONS = (
					"DEBUG=1",
					"$(inherited)",
				);
				GCC_WARN_64_TO_32_BIT_CONVERSION = YES;
				GCC_WARN_ABOUT_RETURN_TYPE = YES_ERROR;
				GCC_WARN_UNDECLARED_SELECTOR = YES;
				GCC_WARN_UNINITIALIZED_AUTOS = YES_AGGRESSIVE;
				GCC_WARN_UNUSED_FUNCTION = YES;
				GCC_WARN_UNUSED_VARIABLE = YES;
				IPHONEOS_DEPLOYMENT_TARGET = 13.5;
				MTL_ENABLE_DEBUG_INFO = INCLUDE_SOURCE;
				MTL_FAST_MATH = YES;
				ONLY_ACTIVE_ARCH = YES;
				SDKROOT = iphoneos;
				SWIFT_ACTIVE_COMPILATION_CONDITIONS = DEBUG;
				SWIFT_OPTIMIZATION_LEVEL = "-Onone";
			};
			name = Debug;
		};
		49B0A96E24B922A200884E95 /* Release */ = {
			isa = XCBuildConfiguration;
			buildSettings = {
				ALWAYS_SEARCH_USER_PATHS = NO;
				CLANG_ANALYZER_NONNULL = YES;
				CLANG_ANALYZER_NUMBER_OBJECT_CONVERSION = YES_AGGRESSIVE;
				CLANG_CXX_LANGUAGE_STANDARD = "gnu++14";
				CLANG_CXX_LIBRARY = "libc++";
				CLANG_ENABLE_MODULES = YES;
				CLANG_ENABLE_OBJC_ARC = YES;
				CLANG_ENABLE_OBJC_WEAK = YES;
				CLANG_WARN_BLOCK_CAPTURE_AUTORELEASING = YES;
				CLANG_WARN_BOOL_CONVERSION = YES;
				CLANG_WARN_COMMA = YES;
				CLANG_WARN_CONSTANT_CONVERSION = YES;
				CLANG_WARN_DEPRECATED_OBJC_IMPLEMENTATIONS = YES;
				CLANG_WARN_DIRECT_OBJC_ISA_USAGE = YES_ERROR;
				CLANG_WARN_DOCUMENTATION_COMMENTS = YES;
				CLANG_WARN_EMPTY_BODY = YES;
				CLANG_WARN_ENUM_CONVERSION = YES;
				CLANG_WARN_INFINITE_RECURSION = YES;
				CLANG_WARN_INT_CONVERSION = YES;
				CLANG_WARN_NON_LITERAL_NULL_CONVERSION = YES;
				CLANG_WARN_OBJC_IMPLICIT_RETAIN_SELF = YES;
				CLANG_WARN_OBJC_LITERAL_CONVERSION = YES;
				CLANG_WARN_OBJC_ROOT_CLASS = YES_ERROR;
				CLANG_WARN_RANGE_LOOP_ANALYSIS = YES;
				CLANG_WARN_STRICT_PROTOTYPES = YES;
				CLANG_WARN_SUSPICIOUS_MOVE = YES;
				CLANG_WARN_UNGUARDED_AVAILABILITY = YES_AGGRESSIVE;
				CLANG_WARN_UNREACHABLE_CODE = YES;
				CLANG_WARN__DUPLICATE_METHOD_MATCH = YES;
				COPY_PHASE_STRIP = NO;
				DEBUG_INFORMATION_FORMAT = "dwarf-with-dsym";
				ENABLE_NS_ASSERTIONS = NO;
				ENABLE_STRICT_OBJC_MSGSEND = YES;
				GCC_C_LANGUAGE_STANDARD = gnu11;
				GCC_NO_COMMON_BLOCKS = YES;
				GCC_WARN_64_TO_32_BIT_CONVERSION = YES;
				GCC_WARN_ABOUT_RETURN_TYPE = YES_ERROR;
				GCC_WARN_UNDECLARED_SELECTOR = YES;
				GCC_WARN_UNINITIALIZED_AUTOS = YES_AGGRESSIVE;
				GCC_WARN_UNUSED_FUNCTION = YES;
				GCC_WARN_UNUSED_VARIABLE = YES;
				IPHONEOS_DEPLOYMENT_TARGET = 13.5;
				MTL_ENABLE_DEBUG_INFO = NO;
				MTL_FAST_MATH = YES;
				SDKROOT = iphoneos;
				SWIFT_COMPILATION_MODE = wholemodule;
				SWIFT_OPTIMIZATION_LEVEL = "-O";
				VALIDATE_PRODUCT = YES;
			};
			name = Release;
		};
		49B0A97024B922A200884E95 /* Debug */ = {
			isa = XCBuildConfiguration;
			buildSettings = {
				ASSETCATALOG_COMPILER_APPICON_NAME = AppIcon;
				CODE_SIGN_STYLE = Automatic;
				DEVELOPMENT_TEAM = N5VZ2D4W9H;
				INFOPLIST_FILE = DesafioHurb/Info.plist;
				LD_RUNPATH_SEARCH_PATHS = (
					"$(inherited)",
					"@executable_path/Frameworks",
				);
				PRODUCT_BUNDLE_IDENTIFIER = dev.coutinho.DesafioHurb;
				PRODUCT_NAME = "$(TARGET_NAME)";
				SWIFT_VERSION = 5.0;
				TARGETED_DEVICE_FAMILY = "1,2";
			};
			name = Debug;
		};
		49B0A97124B922A200884E95 /* Release */ = {
			isa = XCBuildConfiguration;
			buildSettings = {
				ASSETCATALOG_COMPILER_APPICON_NAME = AppIcon;
				CODE_SIGN_STYLE = Automatic;
				DEVELOPMENT_TEAM = N5VZ2D4W9H;
				INFOPLIST_FILE = DesafioHurb/Info.plist;
				LD_RUNPATH_SEARCH_PATHS = (
					"$(inherited)",
					"@executable_path/Frameworks",
				);
				PRODUCT_BUNDLE_IDENTIFIER = dev.coutinho.DesafioHurb;
				PRODUCT_NAME = "$(TARGET_NAME)";
				SWIFT_VERSION = 5.0;
				TARGETED_DEVICE_FAMILY = "1,2";
			};
			name = Release;
		};
/* End XCBuildConfiguration section */

/* Begin XCConfigurationList section */
		49B0A95624B9229A00884E95 /* Build configuration list for PBXProject "DesafioHurb" */ = {
			isa = XCConfigurationList;
			buildConfigurations = (
				49B0A96D24B922A200884E95 /* Debug */,
				49B0A96E24B922A200884E95 /* Release */,
			);
			defaultConfigurationIsVisible = 0;
			defaultConfigurationName = Release;
		};
		49B0A96F24B922A200884E95 /* Build configuration list for PBXNativeTarget "DesafioHurb" */ = {
			isa = XCConfigurationList;
			buildConfigurations = (
				49B0A97024B922A200884E95 /* Debug */,
				49B0A97124B922A200884E95 /* Release */,
			);
			defaultConfigurationIsVisible = 0;
			defaultConfigurationName = Release;
		};
/* End XCConfigurationList section */

/* Begin XCRemoteSwiftPackageReference section */
		4959CC4624C8C3A6009AC2B8 /* XCRemoteSwiftPackageReference "AlamofireImage" */ = {
			isa = XCRemoteSwiftPackageReference;
			repositoryURL = "https://github.com/Alamofire/AlamofireImage.git";
			requirement = {
				kind = upToNextMajorVersion;
				minimumVersion = 4.1.0;
			};
		};
		49B0A9B924B9329700884E95 /* XCRemoteSwiftPackageReference "Alamofire" */ = {
			isa = XCRemoteSwiftPackageReference;
			repositoryURL = "https://github.com/Alamofire/Alamofire.git";
			requirement = {
				kind = upToNextMajorVersion;
				minimumVersion = 5.2.1;
			};
		};
		49F28B4924C4949200FEC39A /* XCRemoteSwiftPackageReference "SkeletonView" */ = {
			isa = XCRemoteSwiftPackageReference;
			repositoryURL = "https://github.com/Juanpe/SkeletonView.git";
			requirement = {
				kind = upToNextMajorVersion;
				minimumVersion = 1.8.7;
			};
		};
/* End XCRemoteSwiftPackageReference section */

/* Begin XCSwiftPackageProductDependency section */
		4959CC4724C8C3A6009AC2B8 /* AlamofireImage */ = {
			isa = XCSwiftPackageProductDependency;
			package = 4959CC4624C8C3A6009AC2B8 /* XCRemoteSwiftPackageReference "AlamofireImage" */;
			productName = AlamofireImage;
		};
		49B0A9BA24B9329700884E95 /* Alamofire */ = {
			isa = XCSwiftPackageProductDependency;
			package = 49B0A9B924B9329700884E95 /* XCRemoteSwiftPackageReference "Alamofire" */;
			productName = Alamofire;
		};
		49F28B4A24C4949200FEC39A /* SkeletonView */ = {
			isa = XCSwiftPackageProductDependency;
			package = 49F28B4924C4949200FEC39A /* XCRemoteSwiftPackageReference "SkeletonView" */;
			productName = SkeletonView;
		};
/* End XCSwiftPackageProductDependency section */
	};
	rootObject = 49B0A95324B9229A00884E95 /* Project object */;
}
